// !$*UTF8*$!
{
	archiveVersion = 1;
	classes = {
	};
	objectVersion = 56;
	objects = {

/* Begin PBXBuildFile section */
		0299094129225B3B006D62D9 /* TrollAppsUITests.swift in Sources */ = {isa = PBXBuildFile; fileRef = 0299094029225B3B006D62D9 /* TrollAppsUITests.swift */; };
		0299094329225B3B006D62D9 /* TrollAppsUITestsLaunchTests.swift in Sources */ = {isa = PBXBuildFile; fileRef = 0299094229225B3B006D62D9 /* TrollAppsUITestsLaunchTests.swift */; };
		6D78B4672920ED7500EFB2FD /* SDWebImageSwiftUI in Frameworks */ = {isa = PBXBuildFile; productRef = 6D78B4662920ED7500EFB2FD /* SDWebImageSwiftUI */; };
		6D8817C6291ECB97007139C6 /* TrollAppsApp.swift in Sources */ = {isa = PBXBuildFile; fileRef = 6D8817C5291ECB97007139C6 /* TrollAppsApp.swift */; };
		6D8817C8291ECB97007139C6 /* ContentView.swift in Sources */ = {isa = PBXBuildFile; fileRef = 6D8817C7291ECB97007139C6 /* ContentView.swift */; };
		6D8817CA291ECB9B007139C6 /* Assets.xcassets in Resources */ = {isa = PBXBuildFile; fileRef = 6D8817C9291ECB9B007139C6 /* Assets.xcassets */; };
		6D8817CD291ECB9B007139C6 /* Preview Assets.xcassets in Resources */ = {isa = PBXBuildFile; fileRef = 6D8817CC291ECB9B007139C6 /* Preview Assets.xcassets */; };
		6D8817D4291ED9D7007139C6 /* JSONStuff.swift in Sources */ = {isa = PBXBuildFile; fileRef = 6D8817D3291ED9D7007139C6 /* JSONStuff.swift */; };
		6D8817D6291EDA19007139C6 /* AppsView.swift in Sources */ = {isa = PBXBuildFile; fileRef = 6D8817D5291EDA19007139C6 /* AppsView.swift */; };
		6D8817D8291EDAC7007139C6 /* OtherView.swift in Sources */ = {isa = PBXBuildFile; fileRef = 6D8817D7291EDAC7007139C6 /* OtherView.swift */; };
		6D8817DA291EE5C9007139C6 /* Extensions.swift in Sources */ = {isa = PBXBuildFile; fileRef = 6D8817D9291EE5C9007139C6 /* Extensions.swift */; };
/* End PBXBuildFile section */

/* Begin PBXContainerItemProxy section */
		0299094429225B3B006D62D9 /* PBXContainerItemProxy */ = {
			isa = PBXContainerItemProxy;
			containerPortal = 6D8817BA291ECB97007139C6 /* Project object */;
			proxyType = 1;
			remoteGlobalIDString = 6D8817C1291ECB97007139C6;
			remoteInfo = TrollApps;
		};
/* End PBXContainerItemProxy section */

/* Begin PBXFileReference section */
		0299093E29225B3B006D62D9 /* TrollAppsUITests.xctest */ = {isa = PBXFileReference; explicitFileType = wrapper.cfbundle; includeInIndex = 0; path = TrollAppsUITests.xctest; sourceTree = BUILT_PRODUCTS_DIR; };
		0299094029225B3B006D62D9 /* TrollAppsUITests.swift */ = {isa = PBXFileReference; lastKnownFileType = sourcecode.swift; path = TrollAppsUITests.swift; sourceTree = "<group>"; };
		0299094229225B3B006D62D9 /* TrollAppsUITestsLaunchTests.swift */ = {isa = PBXFileReference; lastKnownFileType = sourcecode.swift; path = TrollAppsUITestsLaunchTests.swift; sourceTree = "<group>"; };
		6D78B4882921088000EFB2FD /* TrollApps-Bridging-Header.h */ = {isa = PBXFileReference; lastKnownFileType = sourcecode.c.h; path = "TrollApps-Bridging-Header.h"; sourceTree = "<group>"; };
		6D8817C2291ECB97007139C6 /* TrollApps.app */ = {isa = PBXFileReference; explicitFileType = wrapper.application; includeInIndex = 0; path = TrollApps.app; sourceTree = BUILT_PRODUCTS_DIR; };
		6D8817C5291ECB97007139C6 /* TrollAppsApp.swift */ = {isa = PBXFileReference; lastKnownFileType = sourcecode.swift; path = TrollAppsApp.swift; sourceTree = "<group>"; };
		6D8817C7291ECB97007139C6 /* ContentView.swift */ = {isa = PBXFileReference; lastKnownFileType = sourcecode.swift; path = ContentView.swift; sourceTree = "<group>"; };
		6D8817C9291ECB9B007139C6 /* Assets.xcassets */ = {isa = PBXFileReference; lastKnownFileType = folder.assetcatalog; path = Assets.xcassets; sourceTree = "<group>"; };
		6D8817CC291ECB9B007139C6 /* Preview Assets.xcassets */ = {isa = PBXFileReference; lastKnownFileType = folder.assetcatalog; path = "Preview Assets.xcassets"; sourceTree = "<group>"; };
		6D8817D3291ED9D7007139C6 /* JSONStuff.swift */ = {isa = PBXFileReference; lastKnownFileType = sourcecode.swift; path = JSONStuff.swift; sourceTree = "<group>"; };
		6D8817D5291EDA19007139C6 /* AppsView.swift */ = {isa = PBXFileReference; lastKnownFileType = sourcecode.swift; path = AppsView.swift; sourceTree = "<group>"; wrapsLines = 0; };
		6D8817D7291EDAC7007139C6 /* OtherView.swift */ = {isa = PBXFileReference; lastKnownFileType = sourcecode.swift; path = OtherView.swift; sourceTree = "<group>"; };
		6D8817D9291EE5C9007139C6 /* Extensions.swift */ = {isa = PBXFileReference; lastKnownFileType = sourcecode.swift; path = Extensions.swift; sourceTree = "<group>"; };
/* End PBXFileReference section */

/* Begin PBXFrameworksBuildPhase section */
		0299093B29225B3B006D62D9 /* Frameworks */ = {
			isa = PBXFrameworksBuildPhase;
			buildActionMask = 2147483647;
			files = (
			);
			runOnlyForDeploymentPostprocessing = 0;
		};
		6D8817BF291ECB97007139C6 /* Frameworks */ = {
			isa = PBXFrameworksBuildPhase;
			buildActionMask = 2147483647;
			files = (
				6D78B4672920ED7500EFB2FD /* SDWebImageSwiftUI in Frameworks */,
			);
			runOnlyForDeploymentPostprocessing = 0;
		};
/* End PBXFrameworksBuildPhase section */

/* Begin PBXGroup section */
		0299093F29225B3B006D62D9 /* TrollAppsUITests */ = {
			isa = PBXGroup;
			children = (
				0299094029225B3B006D62D9 /* TrollAppsUITests.swift */,
				0299094229225B3B006D62D9 /* TrollAppsUITestsLaunchTests.swift */,
			);
			path = TrollAppsUITests;
			sourceTree = "<group>";
		};
		6D8817B9291ECB97007139C6 = {
			isa = PBXGroup;
			children = (
				6D8817C4291ECB97007139C6 /* TrollApps */,
				0299093F29225B3B006D62D9 /* TrollAppsUITests */,
				6D8817C3291ECB97007139C6 /* Products */,
			);
			sourceTree = "<group>";
		};
		6D8817C3291ECB97007139C6 /* Products */ = {
			isa = PBXGroup;
			children = (
				6D8817C2291ECB97007139C6 /* TrollApps.app */,
				0299093E29225B3B006D62D9 /* TrollAppsUITests.xctest */,
			);
			name = Products;
			sourceTree = "<group>";
		};
		6D8817C4291ECB97007139C6 /* TrollApps */ = {
			isa = PBXGroup;
			children = (
				6D8817C5291ECB97007139C6 /* TrollAppsApp.swift */,
				6D8817C7291ECB97007139C6 /* ContentView.swift */,
				6D8817C9291ECB9B007139C6 /* Assets.xcassets */,
				6D8817CB291ECB9B007139C6 /* Preview Content */,
				6D8817D3291ED9D7007139C6 /* JSONStuff.swift */,
				6D8817D5291EDA19007139C6 /* AppsView.swift */,
				6D8817D7291EDAC7007139C6 /* OtherView.swift */,
				6D8817D9291EE5C9007139C6 /* Extensions.swift */,
				6D78B4882921088000EFB2FD /* TrollApps-Bridging-Header.h */,
			);
			path = TrollApps;
			sourceTree = "<group>";
		};
		6D8817CB291ECB9B007139C6 /* Preview Content */ = {
			isa = PBXGroup;
			children = (
				6D8817CC291ECB9B007139C6 /* Preview Assets.xcassets */,
			);
			path = "Preview Content";
			sourceTree = "<group>";
		};
/* End PBXGroup section */

/* Begin PBXNativeTarget section */
		0299093D29225B3B006D62D9 /* TrollAppsUITests */ = {
			isa = PBXNativeTarget;
			buildConfigurationList = 0299094629225B3B006D62D9 /* Build configuration list for PBXNativeTarget "TrollAppsUITests" */;
			buildPhases = (
				0299093A29225B3B006D62D9 /* Sources */,
				0299093B29225B3B006D62D9 /* Frameworks */,
				0299093C29225B3B006D62D9 /* Resources */,
			);
			buildRules = (
			);
			dependencies = (
				0299094529225B3B006D62D9 /* PBXTargetDependency */,
			);
			name = TrollAppsUITests;
			productName = TrollAppsUITests;
			productReference = 0299093E29225B3B006D62D9 /* TrollAppsUITests.xctest */;
			productType = "com.apple.product-type.bundle.ui-testing";
		};
		6D8817C1291ECB97007139C6 /* TrollApps */ = {
			isa = PBXNativeTarget;
			buildConfigurationList = 6D8817D0291ECB9B007139C6 /* Build configuration list for PBXNativeTarget "TrollApps" */;
			buildPhases = (
				6D8817BE291ECB97007139C6 /* Sources */,
				6D8817BF291ECB97007139C6 /* Frameworks */,
				6D8817C0291ECB97007139C6 /* Resources */,
			);
			buildRules = (
			);
			dependencies = (
			);
			name = TrollApps;
			packageProductDependencies = (
				6D78B4662920ED7500EFB2FD /* SDWebImageSwiftUI */,
			);
			productName = TrollApps;
			productReference = 6D8817C2291ECB97007139C6 /* TrollApps.app */;
			productType = "com.apple.product-type.application";
		};
/* End PBXNativeTarget section */

/* Begin PBXProject section */
		6D8817BA291ECB97007139C6 /* Project object */ = {
			isa = PBXProject;
			attributes = {
				BuildIndependentTargetsInParallel = 1;
				LastSwiftUpdateCheck = 1410;
				LastUpgradeCheck = 1410;
				TargetAttributes = {
					0299093D29225B3B006D62D9 = {
						CreatedOnToolsVersion = 14.1;
						TestTargetID = 6D8817C1291ECB97007139C6;
					};
					6D8817C1291ECB97007139C6 = {
						CreatedOnToolsVersion = 14.1;
						LastSwiftMigration = 1410;
					};
				};
			};
			buildConfigurationList = 6D8817BD291ECB97007139C6 /* Build configuration list for PBXProject "TrollApps" */;
			compatibilityVersion = "Xcode 14.0";
			developmentRegion = en;
			hasScannedForEncodings = 0;
			knownRegions = (
				en,
				Base,
			);
			mainGroup = 6D8817B9291ECB97007139C6;
			packageReferences = (
				6D78B4652920ED7500EFB2FD /* XCRemoteSwiftPackageReference "SDWebImageSwiftUI" */,
			);
			productRefGroup = 6D8817C3291ECB97007139C6 /* Products */;
			projectDirPath = "";
			projectRoot = "";
			targets = (
				6D8817C1291ECB97007139C6 /* TrollApps */,
				0299093D29225B3B006D62D9 /* TrollAppsUITests */,
			);
		};
/* End PBXProject section */

/* Begin PBXResourcesBuildPhase section */
		0299093C29225B3B006D62D9 /* Resources */ = {
			isa = PBXResourcesBuildPhase;
			buildActionMask = 2147483647;
			files = (
			);
			runOnlyForDeploymentPostprocessing = 0;
		};
		6D8817C0291ECB97007139C6 /* Resources */ = {
			isa = PBXResourcesBuildPhase;
			buildActionMask = 2147483647;
			files = (
				6D8817CD291ECB9B007139C6 /* Preview Assets.xcassets in Resources */,
				6D8817CA291ECB9B007139C6 /* Assets.xcassets in Resources */,
			);
			runOnlyForDeploymentPostprocessing = 0;
		};
/* End PBXResourcesBuildPhase section */

/* Begin PBXSourcesBuildPhase section */
		0299093A29225B3B006D62D9 /* Sources */ = {
			isa = PBXSourcesBuildPhase;
			buildActionMask = 2147483647;
			files = (
				0299094329225B3B006D62D9 /* TrollAppsUITestsLaunchTests.swift in Sources */,
				0299094129225B3B006D62D9 /* TrollAppsUITests.swift in Sources */,
			);
			runOnlyForDeploymentPostprocessing = 0;
		};
		6D8817BE291ECB97007139C6 /* Sources */ = {
			isa = PBXSourcesBuildPhase;
			buildActionMask = 2147483647;
			files = (
				6D8817D6291EDA19007139C6 /* AppsView.swift in Sources */,
				6D8817DA291EE5C9007139C6 /* Extensions.swift in Sources */,
				6D8817C8291ECB97007139C6 /* ContentView.swift in Sources */,
				6D8817D4291ED9D7007139C6 /* JSONStuff.swift in Sources */,
				6D8817C6291ECB97007139C6 /* TrollAppsApp.swift in Sources */,
				6D8817D8291EDAC7007139C6 /* OtherView.swift in Sources */,
			);
			runOnlyForDeploymentPostprocessing = 0;
		};
/* End PBXSourcesBuildPhase section */

/* Begin PBXTargetDependency section */
		0299094529225B3B006D62D9 /* PBXTargetDependency */ = {
			isa = PBXTargetDependency;
			target = 6D8817C1291ECB97007139C6 /* TrollApps */;
			targetProxy = 0299094429225B3B006D62D9 /* PBXContainerItemProxy */;
		};
/* End PBXTargetDependency section */

/* Begin XCBuildConfiguration section */
		0299094729225B3B006D62D9 /* Debug */ = {
			isa = XCBuildConfiguration;
			buildSettings = {
				CODE_SIGN_STYLE = Automatic;
				CURRENT_PROJECT_VERSION = 1;
				DEVELOPMENT_TEAM = 4S29G62RQZ;
				GENERATE_INFOPLIST_FILE = YES;
				IPHONEOS_DEPLOYMENT_TARGET = 14.0;
				MARKETING_VERSION = 1.0;
				PRODUCT_BUNDLE_IDENTIFIER = com.andreas16700.TrollAppsUITests;
				PRODUCT_NAME = "$(TARGET_NAME)";
				SWIFT_EMIT_LOC_STRINGS = NO;
				SWIFT_VERSION = 5.0;
				TARGETED_DEVICE_FAMILY = "1,2";
				TEST_TARGET_NAME = TrollApps;
			};
			name = Debug;
		};
		0299094829225B3B006D62D9 /* Release */ = {
			isa = XCBuildConfiguration;
			buildSettings = {
				CODE_SIGN_STYLE = Automatic;
				CURRENT_PROJECT_VERSION = 1;
				DEVELOPMENT_TEAM = 4S29G62RQZ;
				GENERATE_INFOPLIST_FILE = YES;
				IPHONEOS_DEPLOYMENT_TARGET = 14.0;
				MARKETING_VERSION = 1.0;
				PRODUCT_BUNDLE_IDENTIFIER = com.andreas16700.TrollAppsUITests;
				PRODUCT_NAME = "$(TARGET_NAME)";
				SWIFT_EMIT_LOC_STRINGS = NO;
				SWIFT_VERSION = 5.0;
				TARGETED_DEVICE_FAMILY = "1,2";
				TEST_TARGET_NAME = TrollApps;
			};
			name = Release;
		};
		6D8817CE291ECB9B007139C6 /* Debug */ = {
			isa = XCBuildConfiguration;
			buildSettings = {
				ALWAYS_SEARCH_USER_PATHS = NO;
				CLANG_ANALYZER_NONNULL = YES;
				CLANG_ANALYZER_NUMBER_OBJECT_CONVERSION = YES_AGGRESSIVE;
				CLANG_CXX_LANGUAGE_STANDARD = "gnu++20";
				CLANG_ENABLE_MODULES = YES;
				CLANG_ENABLE_OBJC_ARC = YES;
				CLANG_ENABLE_OBJC_WEAK = YES;
				CLANG_WARN_BLOCK_CAPTURE_AUTORELEASING = YES;
				CLANG_WARN_BOOL_CONVERSION = YES;
				CLANG_WARN_COMMA = YES;
				CLANG_WARN_CONSTANT_CONVERSION = YES;
				CLANG_WARN_DEPRECATED_OBJC_IMPLEMENTATIONS = YES;
				CLANG_WARN_DIRECT_OBJC_ISA_USAGE = YES_ERROR;
				CLANG_WARN_DOCUMENTATION_COMMENTS = YES;
				CLANG_WARN_EMPTY_BODY = YES;
				CLANG_WARN_ENUM_CONVERSION = YES;
				CLANG_WARN_INFINITE_RECURSION = YES;
				CLANG_WARN_INT_CONVERSION = YES;
				CLANG_WARN_NON_LITERAL_NULL_CONVERSION = YES;
				CLANG_WARN_OBJC_IMPLICIT_RETAIN_SELF = YES;
				CLANG_WARN_OBJC_LITERAL_CONVERSION = YES;
				CLANG_WARN_OBJC_ROOT_CLASS = YES_ERROR;
				CLANG_WARN_QUOTED_INCLUDE_IN_FRAMEWORK_HEADER = YES;
				CLANG_WARN_RANGE_LOOP_ANALYSIS = YES;
				CLANG_WARN_STRICT_PROTOTYPES = YES;
				CLANG_WARN_SUSPICIOUS_MOVE = YES;
				CLANG_WARN_UNGUARDED_AVAILABILITY = YES_AGGRESSIVE;
				CLANG_WARN_UNREACHABLE_CODE = YES;
				CLANG_WARN__DUPLICATE_METHOD_MATCH = YES;
				COPY_PHASE_STRIP = NO;
				DEBUG_INFORMATION_FORMAT = dwarf;
				ENABLE_STRICT_OBJC_MSGSEND = YES;
				ENABLE_TESTABILITY = YES;
				GCC_C_LANGUAGE_STANDARD = gnu11;
				GCC_DYNAMIC_NO_PIC = NO;
				GCC_NO_COMMON_BLOCKS = YES;
				GCC_OPTIMIZATION_LEVEL = 0;
				GCC_PREPROCESSOR_DEFINITIONS = (
					"DEBUG=1",
					"$(inherited)",
				);
				GCC_WARN_64_TO_32_BIT_CONVERSION = YES;
				GCC_WARN_ABOUT_RETURN_TYPE = YES_ERROR;
				GCC_WARN_UNDECLARED_SELECTOR = YES;
				GCC_WARN_UNINITIALIZED_AUTOS = YES_AGGRESSIVE;
				GCC_WARN_UNUSED_FUNCTION = YES;
				GCC_WARN_UNUSED_VARIABLE = YES;
				IPHONEOS_DEPLOYMENT_TARGET = 16.1;
				MTL_ENABLE_DEBUG_INFO = INCLUDE_SOURCE;
				MTL_FAST_MATH = YES;
				ONLY_ACTIVE_ARCH = YES;
				SDKROOT = iphoneos;
				SWIFT_ACTIVE_COMPILATION_CONDITIONS = DEBUG;
				SWIFT_OPTIMIZATION_LEVEL = "-Onone";
			};
			name = Debug;
		};
		6D8817CF291ECB9B007139C6 /* Release */ = {
			isa = XCBuildConfiguration;
			buildSettings = {
				ALWAYS_SEARCH_USER_PATHS = NO;
				CLANG_ANALYZER_NONNULL = YES;
				CLANG_ANALYZER_NUMBER_OBJECT_CONVERSION = YES_AGGRESSIVE;
				CLANG_CXX_LANGUAGE_STANDARD = "gnu++20";
				CLANG_ENABLE_MODULES = YES;
				CLANG_ENABLE_OBJC_ARC = YES;
				CLANG_ENABLE_OBJC_WEAK = YES;
				CLANG_WARN_BLOCK_CAPTURE_AUTORELEASING = YES;
				CLANG_WARN_BOOL_CONVERSION = YES;
				CLANG_WARN_COMMA = YES;
				CLANG_WARN_CONSTANT_CONVERSION = YES;
				CLANG_WARN_DEPRECATED_OBJC_IMPLEMENTATIONS = YES;
				CLANG_WARN_DIRECT_OBJC_ISA_USAGE = YES_ERROR;
				CLANG_WARN_DOCUMENTATION_COMMENTS = YES;
				CLANG_WARN_EMPTY_BODY = YES;
				CLANG_WARN_ENUM_CONVERSION = YES;
				CLANG_WARN_INFINITE_RECURSION = YES;
				CLANG_WARN_INT_CONVERSION = YES;
				CLANG_WARN_NON_LITERAL_NULL_CONVERSION = YES;
				CLANG_WARN_OBJC_IMPLICIT_RETAIN_SELF = YES;
				CLANG_WARN_OBJC_LITERAL_CONVERSION = YES;
				CLANG_WARN_OBJC_ROOT_CLASS = YES_ERROR;
				CLANG_WARN_QUOTED_INCLUDE_IN_FRAMEWORK_HEADER = YES;
				CLANG_WARN_RANGE_LOOP_ANALYSIS = YES;
				CLANG_WARN_STRICT_PROTOTYPES = YES;
				CLANG_WARN_SUSPICIOUS_MOVE = YES;
				CLANG_WARN_UNGUARDED_AVAILABILITY = YES_AGGRESSIVE;
				CLANG_WARN_UNREACHABLE_CODE = YES;
				CLANG_WARN__DUPLICATE_METHOD_MATCH = YES;
				COPY_PHASE_STRIP = NO;
				DEBUG_INFORMATION_FORMAT = "dwarf-with-dsym";
				ENABLE_NS_ASSERTIONS = NO;
				ENABLE_STRICT_OBJC_MSGSEND = YES;
				GCC_C_LANGUAGE_STANDARD = gnu11;
				GCC_NO_COMMON_BLOCKS = YES;
				GCC_WARN_64_TO_32_BIT_CONVERSION = YES;
				GCC_WARN_ABOUT_RETURN_TYPE = YES_ERROR;
				GCC_WARN_UNDECLARED_SELECTOR = YES;
				GCC_WARN_UNINITIALIZED_AUTOS = YES_AGGRESSIVE;
				GCC_WARN_UNUSED_FUNCTION = YES;
				GCC_WARN_UNUSED_VARIABLE = YES;
				IPHONEOS_DEPLOYMENT_TARGET = 16.1;
				MTL_ENABLE_DEBUG_INFO = NO;
				MTL_FAST_MATH = YES;
				SDKROOT = iphoneos;
				SWIFT_COMPILATION_MODE = wholemodule;
				SWIFT_OPTIMIZATION_LEVEL = "-O";
				VALIDATE_PRODUCT = YES;
			};
			name = Release;
		};
		6D8817D1291ECB9B007139C6 /* Debug */ = {
			isa = XCBuildConfiguration;
			buildSettings = {
				ASSETCATALOG_COMPILER_APPICON_NAME = AppIcon;
				ASSETCATALOG_COMPILER_GLOBAL_ACCENT_COLOR_NAME = AccentColor;
				CLANG_ENABLE_MODULES = YES;
				CODE_SIGN_STYLE = Automatic;
				CURRENT_PROJECT_VERSION = 1;
				DEVELOPMENT_ASSET_PATHS = "\"TrollApps/Preview Content\"";
				DEVELOPMENT_TEAM = 4S29G62RQZ;
				ENABLE_PREVIEWS = YES;
				GENERATE_INFOPLIST_FILE = YES;
				INFOPLIST_KEY_LSApplicationCategoryType = "public.app-category.utilities";
				INFOPLIST_KEY_UIApplicationSceneManifest_Generation = YES;
				INFOPLIST_KEY_UIApplicationSupportsIndirectInputEvents = YES;
				INFOPLIST_KEY_UILaunchScreen_Generation = YES;
				INFOPLIST_KEY_UISupportedInterfaceOrientations = UIInterfaceOrientationPortrait;
				INFOPLIST_KEY_UISupportedInterfaceOrientations_iPad = "UIInterfaceOrientationLandscapeLeft UIInterfaceOrientationLandscapeRight UIInterfaceOrientationPortrait";
				IPHONEOS_DEPLOYMENT_TARGET = 14.0;
				LD_RUNPATH_SEARCH_PATHS = (
					"$(inherited)",
					"@executable_path/Frameworks",
				);
				MARKETING_VERSION = 1.1;
				PRODUCT_BUNDLE_IDENTIFIER = org.haxi0.TrollApps;
				PRODUCT_NAME = "$(TARGET_NAME)";
				SUPPORTED_PLATFORMS = "iphoneos iphonesimulator";
				SUPPORTS_MACCATALYST = NO;
				SUPPORTS_MAC_DESIGNED_FOR_IPHONE_IPAD = NO;
				SWIFT_EMIT_LOC_STRINGS = YES;
				SWIFT_OBJC_BRIDGING_HEADER = "TrollApps/TrollApps-Bridging-Header.h";
				SWIFT_OPTIMIZATION_LEVEL = "-Onone";
				SWIFT_VERSION = 5.0;
				TARGETED_DEVICE_FAMILY = "1,2";
			};
			name = Debug;
		};
		6D8817D2291ECB9B007139C6 /* Release */ = {
			isa = XCBuildConfiguration;
			buildSettings = {
				ASSETCATALOG_COMPILER_APPICON_NAME = AppIcon;
				ASSETCATALOG_COMPILER_GLOBAL_ACCENT_COLOR_NAME = AccentColor;
				CLANG_ENABLE_MODULES = YES;
				CODE_SIGN_STYLE = Automatic;
				CURRENT_PROJECT_VERSION = 1;
				DEVELOPMENT_ASSET_PATHS = "\"TrollApps/Preview Content\"";
				DEVELOPMENT_TEAM = 4S29G62RQZ;
				ENABLE_PREVIEWS = YES;
				GENERATE_INFOPLIST_FILE = YES;
				INFOPLIST_KEY_LSApplicationCategoryType = "public.app-category.utilities";
				INFOPLIST_KEY_UIApplicationSceneManifest_Generation = YES;
				INFOPLIST_KEY_UIApplicationSupportsIndirectInputEvents = YES;
				INFOPLIST_KEY_UILaunchScreen_Generation = YES;
				INFOPLIST_KEY_UISupportedInterfaceOrientations = UIInterfaceOrientationPortrait;
				INFOPLIST_KEY_UISupportedInterfaceOrientations_iPad = "UIInterfaceOrientationLandscapeLeft UIInterfaceOrientationLandscapeRight UIInterfaceOrientationPortrait";
				IPHONEOS_DEPLOYMENT_TARGET = 14.0;
				LD_RUNPATH_SEARCH_PATHS = (
					"$(inherited)",
					"@executable_path/Frameworks",
				);
				MARKETING_VERSION = 1.1;
				PRODUCT_BUNDLE_IDENTIFIER = org.haxi0.TrollApps;
				PRODUCT_NAME = "$(TARGET_NAME)";
				SUPPORTED_PLATFORMS = "iphoneos iphonesimulator";
				SUPPORTS_MACCATALYST = NO;
				SUPPORTS_MAC_DESIGNED_FOR_IPHONE_IPAD = NO;
				SWIFT_EMIT_LOC_STRINGS = YES;
				SWIFT_OBJC_BRIDGING_HEADER = "TrollApps/TrollApps-Bridging-Header.h";
				SWIFT_VERSION = 5.0;
				TARGETED_DEVICE_FAMILY = "1,2";
			};
			name = Release;
		};
/* End XCBuildConfiguration section */

/* Begin XCConfigurationList section */
		0299094629225B3B006D62D9 /* Build configuration list for PBXNativeTarget "TrollAppsUITests" */ = {
			isa = XCConfigurationList;
			buildConfigurations = (
				0299094729225B3B006D62D9 /* Debug */,
				0299094829225B3B006D62D9 /* Release */,
			);
			defaultConfigurationIsVisible = 0;
			defaultConfigurationName = Release;
		};
		6D8817BD291ECB97007139C6 /* Build configuration list for PBXProject "TrollApps" */ = {
			isa = XCConfigurationList;
			buildConfigurations = (
				6D8817CE291ECB9B007139C6 /* Debug */,
				6D8817CF291ECB9B007139C6 /* Release */,
			);
			defaultConfigurationIsVisible = 0;
			defaultConfigurationName = Release;
		};
		6D8817D0291ECB9B007139C6 /* Build configuration list for PBXNativeTarget "TrollApps" */ = {
			isa = XCConfigurationList;
			buildConfigurations = (
				6D8817D1291ECB9B007139C6 /* Debug */,
				6D8817D2291ECB9B007139C6 /* Release */,
			);
			defaultConfigurationIsVisible = 0;
			defaultConfigurationName = Release;
		};
/* End XCConfigurationList section */

/* Begin XCRemoteSwiftPackageReference section */
		6D78B4652920ED7500EFB2FD /* XCRemoteSwiftPackageReference "SDWebImageSwiftUI" */ = {
			isa = XCRemoteSwiftPackageReference;
			repositoryURL = "https://github.com/SDWebImage/SDWebImageSwiftUI";
			requirement = {
				kind = upToNextMajorVersion;
				minimumVersion = 2.0.0;
			};
		};
/* End XCRemoteSwiftPackageReference section */

/* Begin XCSwiftPackageProductDependency section */
		6D78B4662920ED7500EFB2FD /* SDWebImageSwiftUI */ = {
			isa = XCSwiftPackageProductDependency;
			package = 6D78B4652920ED7500EFB2FD /* XCRemoteSwiftPackageReference "SDWebImageSwiftUI" */;
			productName = SDWebImageSwiftUI;
		};
/* End XCSwiftPackageProductDependency section */
	};
	rootObject = 6D8817BA291ECB97007139C6 /* Project object */;
}
