// !$*UTF8*$!
{
	archiveVersion = 1;
	classes = {
	};
	objectVersion = 56;
	objects = {

/* Begin PBXBuildFile section */
		6D29D3D82923C78300AF0602 /* SourcesView.swift in Sources */ = {isa = PBXBuildFile; fileRef = 6D29D3D72923C78300AF0602 /* SourcesView.swift */; };
		6D71F9C2292BF8220016D853 /* FeaturedView.swift in Sources */ = {isa = PBXBuildFile; fileRef = 6D71F9C1292BF8220016D853 /* FeaturedView.swift */; };
		6D8817CA291ECB9B007139C6 /* Assets.xcassets in Resources */ = {isa = PBXBuildFile; fileRef = 6D8817C9291ECB9B007139C6 /* Assets.xcassets */; };
		6D8817CD291ECB9B007139C6 /* Preview Assets.xcassets in Resources */ = {isa = PBXBuildFile; fileRef = 6D8817CC291ECB9B007139C6 /* Preview Assets.xcassets */; };
		6D8817DA291EE5C9007139C6 /* Extensions.swift in Sources */ = {isa = PBXBuildFile; fileRef = 6D8817D9291EE5C9007139C6 /* Extensions.swift */; };
		740916B52B293A570004A33A /* AlertManager.swift in Sources */ = {isa = PBXBuildFile; fileRef = 740916B42B293A570004A33A /* AlertManager.swift */; };
		742E29922B2C3F4A00B2690D /* NewsView.swift in Sources */ = {isa = PBXBuildFile; fileRef = 742E29912B2C3F4A00B2690D /* NewsView.swift */; };
		742E29942B2C438200B2690D /* TrollAppsApp.swift in Sources */ = {isa = PBXBuildFile; fileRef = 742E29932B2C438200B2690D /* TrollAppsApp.swift */; };
		742E29972B2C43DC00B2690D /* NavView.swift in Sources */ = {isa = PBXBuildFile; fileRef = 742E29962B2C43DC00B2690D /* NavView.swift */; };
		742E29A12B2C476A00B2690D /* UserManager.swift in Sources */ = {isa = PBXBuildFile; fileRef = 742E29A02B2C476A00B2690D /* UserManager.swift */; };
		742E29AA2B2C494800B2690D /* Buttons.swift in Sources */ = {isa = PBXBuildFile; fileRef = 742E29A92B2C494800B2690D /* Buttons.swift */; };
		742E29AC2B2C499700B2690D /* DynamicText.swift in Sources */ = {isa = PBXBuildFile; fileRef = 742E29AB2B2C499700B2690D /* DynamicText.swift */; };
		742E29B02B2C4A4000B2690D /* Apps.swift in Sources */ = {isa = PBXBuildFile; fileRef = 742E29AF2B2C4A4000B2690D /* Apps.swift */; };
		742E29B22B2C4A5700B2690D /* Repos.swift in Sources */ = {isa = PBXBuildFile; fileRef = 742E29B12B2C4A5700B2690D /* Repos.swift */; };
		742E29B42B2C4A8300B2690D /* SettingsView.swift in Sources */ = {isa = PBXBuildFile; fileRef = 742E29B32B2C4A8300B2690D /* SettingsView.swift */; };
		742E29BF2B2E513F00B2690D /* AppCell.swift in Sources */ = {isa = PBXBuildFile; fileRef = 742E29BE2B2E513F00B2690D /* AppCell.swift */; };
		742E29C12B2E526E00B2690D /* RepoCell.swift in Sources */ = {isa = PBXBuildFile; fileRef = 742E29C02B2E526E00B2690D /* RepoCell.swift */; };
		742E29C32B2E55DB00B2690D /* BadRepoCell.swift in Sources */ = {isa = PBXBuildFile; fileRef = 742E29C22B2E55DB00B2690D /* BadRepoCell.swift */; };
		742E29C52B2E577C00B2690D /* AddSourceView.swift in Sources */ = {isa = PBXBuildFile; fileRef = 742E29C42B2E577C00B2690D /* AddSourceView.swift */; };
		742E29C72B2E5A3300B2690D /* InstalledAppCell.swift in Sources */ = {isa = PBXBuildFile; fileRef = 742E29C62B2E5A3300B2690D /* InstalledAppCell.swift */; };
		743F27172B2E6517006B77BB /* QueueManager.swift in Sources */ = {isa = PBXBuildFile; fileRef = 743F27162B2E6517006B77BB /* QueueManager.swift */; };
		743F272B2B2F7BB9006B77BB /* DownloadManager.swift in Sources */ = {isa = PBXBuildFile; fileRef = 743F272A2B2F7BB9006B77BB /* DownloadManager.swift */; };
		743F27682B314EAC006B77BB /* InstallManager.swift in Sources */ = {isa = PBXBuildFile; fileRef = 743F27672B314EAC006B77BB /* InstallManager.swift */; };
		743F276C2B33962F006B77BB /* UninstallManager.swift in Sources */ = {isa = PBXBuildFile; fileRef = 743F276B2B33962F006B77BB /* UninstallManager.swift */; };
		743F27712B37AA21006B77BB /* ChangelogManager.swift in Sources */ = {isa = PBXBuildFile; fileRef = 743F27702B37AA21006B77BB /* ChangelogManager.swift */; };
		743F27772B38C80B006B77BB /* SwipeActions in Frameworks */ = {isa = PBXBuildFile; productRef = 743F27762B38C80B006B77BB /* SwipeActions */; };
		743F277A2B38C812006B77BB /* BottomSheet in Frameworks */ = {isa = PBXBuildFile; productRef = 743F27792B38C812006B77BB /* BottomSheet */; };
		7489B46D2B1C2633007F372B /* RepoManager.swift in Sources */ = {isa = PBXBuildFile; fileRef = 7489B46C2B1C2633007F372B /* RepoManager.swift */; };
		74A5F72C2B23AF5900C2E816 /* AppsView.swift in Sources */ = {isa = PBXBuildFile; fileRef = 74A5F72B2B23AF5900C2E816 /* AppsView.swift */; };
		74B938232B3A0B7600153959 /* Kingfisher in Frameworks */ = {isa = PBXBuildFile; productRef = 74B938222B3A0B7600153959 /* Kingfisher */; };
		74B938342B3A3C6200153959 /* SwiftUIIntrospect in Frameworks */ = {isa = PBXBuildFile; productRef = 74B938332B3A3C6200153959 /* SwiftUIIntrospect */; };
		74B9384C2B3ABCA200153959 /* ZIPFoundation in Frameworks */ = {isa = PBXBuildFile; productRef = 74B9384B2B3ABCA200153959 /* ZIPFoundation */; };
		74C348682B1953D60043AA8C /* AppDetailsView.swift in Sources */ = {isa = PBXBuildFile; fileRef = 74C348672B1953D60043AA8C /* AppDetailsView.swift */; };
		74C3486A2B19AF270043AA8C /* SourceView.swift in Sources */ = {isa = PBXBuildFile; fileRef = 74C348692B19AF270043AA8C /* SourceView.swift */; };
		74C3486F2B1A562F0043AA8C /* DynamicButton.swift in Sources */ = {isa = PBXBuildFile; fileRef = 74C3486E2B1A562F0043AA8C /* DynamicButton.swift */; };
		74E2E2AE2B25627B009E1D73 /* BrowseView.swift in Sources */ = {isa = PBXBuildFile; fileRef = 74E2E2AD2B25627B009E1D73 /* BrowseView.swift */; };
		74E2E2B22B27C086009E1D73 /* Localizable.strings in Resources */ = {isa = PBXBuildFile; fileRef = 74E2E2B42B27C086009E1D73 /* Localizable.strings */; };
		CC759147293BD896007DE225 /* TSUtil.m in Sources */ = {isa = PBXBuildFile; fileRef = CC759146293BD896007DE225 /* TSUtil.m */; };
		CC75914A293BD95B007DE225 /* SpringBoardFoundation.tbd in Frameworks */ = {isa = PBXBuildFile; fileRef = CC759149293BD95A007DE225 /* SpringBoardFoundation.tbd */; };
/* End PBXBuildFile section */

/* Begin PBXCopyFilesBuildPhase section */
		74B9383A2B3A3C7800153959 /* Embed Frameworks */ = {
			isa = PBXCopyFilesBuildPhase;
			buildActionMask = 2147483647;
			dstPath = "";
			dstSubfolderSpec = 10;
			files = (
			);
			name = "Embed Frameworks";
			runOnlyForDeploymentPostprocessing = 0;
		};
/* End PBXCopyFilesBuildPhase section */

/* Begin PBXFileReference section */
		6D29D3D72923C78300AF0602 /* SourcesView.swift */ = {isa = PBXFileReference; lastKnownFileType = sourcecode.swift; path = SourcesView.swift; sourceTree = "<group>"; };
		6D71F9C1292BF8220016D853 /* FeaturedView.swift */ = {isa = PBXFileReference; lastKnownFileType = sourcecode.swift; path = FeaturedView.swift; sourceTree = "<group>"; };
		6D78B4882921088000EFB2FD /* TrollApps-Bridging-Header.h */ = {isa = PBXFileReference; lastKnownFileType = sourcecode.c.h; path = "TrollApps-Bridging-Header.h"; sourceTree = "<group>"; };
		6D8817C2291ECB97007139C6 /* TrollApps.app */ = {isa = PBXFileReference; explicitFileType = wrapper.application; includeInIndex = 0; path = TrollApps.app; sourceTree = BUILT_PRODUCTS_DIR; };
		6D8817C9291ECB9B007139C6 /* Assets.xcassets */ = {isa = PBXFileReference; lastKnownFileType = folder.assetcatalog; path = Assets.xcassets; sourceTree = "<group>"; };
		6D8817CC291ECB9B007139C6 /* Preview Assets.xcassets */ = {isa = PBXFileReference; lastKnownFileType = folder.assetcatalog; path = "Preview Assets.xcassets"; sourceTree = "<group>"; };
		6D8817D9291EE5C9007139C6 /* Extensions.swift */ = {isa = PBXFileReference; lastKnownFileType = sourcecode.swift; path = Extensions.swift; sourceTree = "<group>"; };
		740916AD2B291BA70004A33A /* de */ = {isa = PBXFileReference; lastKnownFileType = text.plist.strings; name = de; path = de.lproj/Localizable.strings; sourceTree = "<group>"; };
		740916B42B293A570004A33A /* AlertManager.swift */ = {isa = PBXFileReference; lastKnownFileType = sourcecode.swift; path = AlertManager.swift; sourceTree = "<group>"; };
		740916BC2B297D120004A33A /* id */ = {isa = PBXFileReference; lastKnownFileType = text.plist.strings; name = id; path = id.lproj/Localizable.strings; sourceTree = "<group>"; };
		740916BD2B2A45D10004A33A /* ar */ = {isa = PBXFileReference; lastKnownFileType = text.plist.strings; name = ar; path = ar.lproj/Localizable.strings; sourceTree = "<group>"; };
		7423BCCA2B2BE7AF000048BE /* zh-Hant */ = {isa = PBXFileReference; lastKnownFileType = text.plist.strings; name = "zh-Hant"; path = "zh-Hant.lproj/Localizable.strings"; sourceTree = "<group>"; };
		742E29902B2BF09700B2690D /* nb */ = {isa = PBXFileReference; lastKnownFileType = text.plist.strings; name = nb; path = nb.lproj/Localizable.strings; sourceTree = "<group>"; };
		742E29912B2C3F4A00B2690D /* NewsView.swift */ = {isa = PBXFileReference; lastKnownFileType = sourcecode.swift; path = NewsView.swift; sourceTree = "<group>"; };
		742E29932B2C438200B2690D /* TrollAppsApp.swift */ = {isa = PBXFileReference; lastKnownFileType = sourcecode.swift; path = TrollAppsApp.swift; sourceTree = "<group>"; };
		742E29962B2C43DC00B2690D /* NavView.swift */ = {isa = PBXFileReference; lastKnownFileType = sourcecode.swift; path = NavView.swift; sourceTree = "<group>"; };
		742E29A02B2C476A00B2690D /* UserManager.swift */ = {isa = PBXFileReference; lastKnownFileType = sourcecode.swift; path = UserManager.swift; sourceTree = "<group>"; };
		742E29A92B2C494800B2690D /* Buttons.swift */ = {isa = PBXFileReference; lastKnownFileType = sourcecode.swift; path = Buttons.swift; sourceTree = "<group>"; };
		742E29AB2B2C499700B2690D /* DynamicText.swift */ = {isa = PBXFileReference; lastKnownFileType = sourcecode.swift; path = DynamicText.swift; sourceTree = "<group>"; };
		742E29AF2B2C4A4000B2690D /* Apps.swift */ = {isa = PBXFileReference; lastKnownFileType = sourcecode.swift; path = Apps.swift; sourceTree = "<group>"; };
		742E29B12B2C4A5700B2690D /* Repos.swift */ = {isa = PBXFileReference; lastKnownFileType = sourcecode.swift; path = Repos.swift; sourceTree = "<group>"; };
		742E29B32B2C4A8300B2690D /* SettingsView.swift */ = {isa = PBXFileReference; lastKnownFileType = sourcecode.swift; path = SettingsView.swift; sourceTree = "<group>"; };
		742E29BE2B2E513F00B2690D /* AppCell.swift */ = {isa = PBXFileReference; lastKnownFileType = sourcecode.swift; path = AppCell.swift; sourceTree = "<group>"; };
		742E29C02B2E526E00B2690D /* RepoCell.swift */ = {isa = PBXFileReference; lastKnownFileType = sourcecode.swift; path = RepoCell.swift; sourceTree = "<group>"; };
		742E29C22B2E55DB00B2690D /* BadRepoCell.swift */ = {isa = PBXFileReference; lastKnownFileType = sourcecode.swift; path = BadRepoCell.swift; sourceTree = "<group>"; };
		742E29C42B2E577C00B2690D /* AddSourceView.swift */ = {isa = PBXFileReference; lastKnownFileType = sourcecode.swift; path = AddSourceView.swift; sourceTree = "<group>"; };
		742E29C62B2E5A3300B2690D /* InstalledAppCell.swift */ = {isa = PBXFileReference; lastKnownFileType = sourcecode.swift; path = InstalledAppCell.swift; sourceTree = "<group>"; };
		743F27162B2E6517006B77BB /* QueueManager.swift */ = {isa = PBXFileReference; lastKnownFileType = sourcecode.swift; path = QueueManager.swift; sourceTree = "<group>"; };
		743F272A2B2F7BB9006B77BB /* DownloadManager.swift */ = {isa = PBXFileReference; lastKnownFileType = sourcecode.swift; path = DownloadManager.swift; sourceTree = "<group>"; };
		743F27672B314EAC006B77BB /* InstallManager.swift */ = {isa = PBXFileReference; lastKnownFileType = sourcecode.swift; path = InstallManager.swift; sourceTree = "<group>"; };
		743F276B2B33962F006B77BB /* UninstallManager.swift */ = {isa = PBXFileReference; lastKnownFileType = sourcecode.swift; path = UninstallManager.swift; sourceTree = "<group>"; };
		743F27702B37AA21006B77BB /* ChangelogManager.swift */ = {isa = PBXFileReference; lastKnownFileType = sourcecode.swift; path = ChangelogManager.swift; sourceTree = "<group>"; };
		7489B46B2B1A8129007F372B /* Info.plist */ = {isa = PBXFileReference; lastKnownFileType = text.plist; path = Info.plist; sourceTree = "<group>"; };
		7489B46C2B1C2633007F372B /* RepoManager.swift */ = {isa = PBXFileReference; lastKnownFileType = sourcecode.swift; path = RepoManager.swift; sourceTree = "<group>"; };
		74A5F72B2B23AF5900C2E816 /* AppsView.swift */ = {isa = PBXFileReference; lastKnownFileType = sourcecode.swift; path = AppsView.swift; sourceTree = "<group>"; };
		74C348672B1953D60043AA8C /* AppDetailsView.swift */ = {isa = PBXFileReference; lastKnownFileType = sourcecode.swift; path = AppDetailsView.swift; sourceTree = "<group>"; };
		74C348692B19AF270043AA8C /* SourceView.swift */ = {isa = PBXFileReference; lastKnownFileType = sourcecode.swift; path = SourceView.swift; sourceTree = "<group>"; };
		74C3486E2B1A562F0043AA8C /* DynamicButton.swift */ = {isa = PBXFileReference; lastKnownFileType = sourcecode.swift; path = DynamicButton.swift; sourceTree = "<group>"; };
		74E2E2AD2B25627B009E1D73 /* BrowseView.swift */ = {isa = PBXFileReference; lastKnownFileType = sourcecode.swift; path = BrowseView.swift; sourceTree = "<group>"; };
		74E2E2B32B27C086009E1D73 /* en */ = {isa = PBXFileReference; lastKnownFileType = text.plist.strings; name = en; path = en.lproj/Localizable.strings; sourceTree = "<group>"; };
		74F1F9A45C32D0914B27E2A8 /* es */ = {isa = PBXFileReference; lastKnownFileType = text.plist.strings; name = en; path = es.lproj/Localizable.strings; sourceTree = "<group>"; };
		74E2E2B52B27C098009E1D73 /* zh-Hans */ = {isa = PBXFileReference; fileEncoding = 4; lastKnownFileType = text.plist.strings; lineEnding = 0; name = "zh-Hans"; path = "zh-Hans.lproj/Localizable.strings"; sourceTree = "<group>"; };
		CC759146293BD896007DE225 /* TSUtil.m */ = {isa = PBXFileReference; fileEncoding = 4; lastKnownFileType = sourcecode.c.objc; path = TSUtil.m; sourceTree = "<group>"; };
		CC759149293BD95A007DE225 /* SpringBoardFoundation.tbd */ = {isa = PBXFileReference; lastKnownFileType = "sourcecode.text-based-dylib-definition"; name = SpringBoardFoundation.tbd; path = TrollApps/SpringBoardFoundation.tbd; sourceTree = "<group>"; };
/* End PBXFileReference section */

/* Begin PBXFrameworksBuildPhase section */
		6D8817BF291ECB97007139C6 /* Frameworks */ = {
			isa = PBXFrameworksBuildPhase;
			buildActionMask = 2147483647;
			files = (
				743F277A2B38C812006B77BB /* BottomSheet in Frameworks */,
				743F27772B38C80B006B77BB /* SwipeActions in Frameworks */,
				CC75914A293BD95B007DE225 /* SpringBoardFoundation.tbd in Frameworks */,
				74B938342B3A3C6200153959 /* SwiftUIIntrospect in Frameworks */,
				74B938232B3A0B7600153959 /* Kingfisher in Frameworks */,
				74B9384C2B3ABCA200153959 /* ZIPFoundation in Frameworks */,
			);
			runOnlyForDeploymentPostprocessing = 0;
		};
/* End PBXFrameworksBuildPhase section */

/* Begin PBXGroup section */
		6D8817B9291ECB97007139C6 = {
			isa = PBXGroup;
			children = (
				6D8817C4291ECB97007139C6 /* TrollApps */,
				6D8817C3291ECB97007139C6 /* Products */,
				CC759148293BD95A007DE225 /* Frameworks */,
			);
			sourceTree = "<group>";
		};
		6D8817C3291ECB97007139C6 /* Products */ = {
			isa = PBXGroup;
			children = (
				6D8817C2291ECB97007139C6 /* TrollApps.app */,
			);
			name = Products;
			sourceTree = "<group>";
		};
		6D8817C4291ECB97007139C6 /* TrollApps */ = {
			isa = PBXGroup;
			children = (
				742E29932B2C438200B2690D /* TrollAppsApp.swift */,
				7489B46B2B1A8129007F372B /* Info.plist */,
				6D8817C9291ECB9B007139C6 /* Assets.xcassets */,
				6D8817CB291ECB9B007139C6 /* Preview Content */,
				742E299E2B2C451100B2690D /* Objective C */,
				74E2E2AF2B27C035009E1D73 /* Resources */,
				742E299A2B2C445D00B2690D /* Views */,
				742E299F2B2C457500B2690D /* Managers */,
				742E29A82B2C493800B2690D /* Styles */,
				742E29A42B2C488200B2690D /* Functions */,
				742E29A22B2C47D400B2690D /* Extensions */,
			);
			path = TrollApps;
			sourceTree = "<group>";
		};
		6D8817CB291ECB9B007139C6 /* Preview Content */ = {
			isa = PBXGroup;
			children = (
				6D8817CC291ECB9B007139C6 /* Preview Assets.xcassets */,
			);
			path = "Preview Content";
			sourceTree = "<group>";
		};
		742E299A2B2C445D00B2690D /* Views */ = {
			isa = PBXGroup;
			children = (
				742E29BD2B2E513400B2690D /* Cells */,
				742E29A32B2C483E00B2690D /* Supplements */,
				742E299C2B2C44D000B2690D /* Subviews */,
				742E29962B2C43DC00B2690D /* NavView.swift */,
				6D71F9C1292BF8220016D853 /* FeaturedView.swift */,
				742E29912B2C3F4A00B2690D /* NewsView.swift */,
				6D29D3D72923C78300AF0602 /* SourcesView.swift */,
				74A5F72B2B23AF5900C2E816 /* AppsView.swift */,
				74E2E2AD2B25627B009E1D73 /* BrowseView.swift */,
			);
			path = Views;
			sourceTree = "<group>";
		};
		742E299C2B2C44D000B2690D /* Subviews */ = {
			isa = PBXGroup;
			children = (
				74C348692B19AF270043AA8C /* SourceView.swift */,
				74C348672B1953D60043AA8C /* AppDetailsView.swift */,
				742E29B32B2C4A8300B2690D /* SettingsView.swift */,
				742E29C42B2E577C00B2690D /* AddSourceView.swift */,
			);
			path = Subviews;
			sourceTree = "<group>";
		};
		742E299E2B2C451100B2690D /* Objective C */ = {
			isa = PBXGroup;
			children = (
				CC759146293BD896007DE225 /* TSUtil.m */,
				6D78B4882921088000EFB2FD /* TrollApps-Bridging-Header.h */,
			);
			path = "Objective C";
			sourceTree = "<group>";
		};
		742E299F2B2C457500B2690D /* Managers */ = {
			isa = PBXGroup;
			children = (
				7489B46C2B1C2633007F372B /* RepoManager.swift */,
				740916B42B293A570004A33A /* AlertManager.swift */,
				742E29A02B2C476A00B2690D /* UserManager.swift */,
				743F27162B2E6517006B77BB /* QueueManager.swift */,
				743F272A2B2F7BB9006B77BB /* DownloadManager.swift */,
				743F27672B314EAC006B77BB /* InstallManager.swift */,
				743F276B2B33962F006B77BB /* UninstallManager.swift */,
				743F27702B37AA21006B77BB /* ChangelogManager.swift */,
			);
			path = Managers;
			sourceTree = "<group>";
		};
		742E29A22B2C47D400B2690D /* Extensions */ = {
			isa = PBXGroup;
			children = (
				6D8817D9291EE5C9007139C6 /* Extensions.swift */,
			);
			path = Extensions;
			sourceTree = "<group>";
		};
		742E29A32B2C483E00B2690D /* Supplements */ = {
			isa = PBXGroup;
			children = (
				74C3486E2B1A562F0043AA8C /* DynamicButton.swift */,
				742E29AB2B2C499700B2690D /* DynamicText.swift */,
			);
			path = Supplements;
			sourceTree = "<group>";
		};
		742E29A42B2C488200B2690D /* Functions */ = {
			isa = PBXGroup;
			children = (
				742E29AF2B2C4A4000B2690D /* Apps.swift */,
				742E29B12B2C4A5700B2690D /* Repos.swift */,
			);
			path = Functions;
			sourceTree = "<group>";
		};
		742E29A82B2C493800B2690D /* Styles */ = {
			isa = PBXGroup;
			children = (
				742E29A92B2C494800B2690D /* Buttons.swift */,
			);
			path = Styles;
			sourceTree = "<group>";
		};
		742E29BD2B2E513400B2690D /* Cells */ = {
			isa = PBXGroup;
			children = (
				742E29BE2B2E513F00B2690D /* AppCell.swift */,
				742E29C02B2E526E00B2690D /* RepoCell.swift */,
				742E29C22B2E55DB00B2690D /* BadRepoCell.swift */,
				742E29C62B2E5A3300B2690D /* InstalledAppCell.swift */,
			);
			path = Cells;
			sourceTree = "<group>";
		};
		74E2E2AF2B27C035009E1D73 /* Resources */ = {
			isa = PBXGroup;
			children = (
				74E2E2B42B27C086009E1D73 /* Localizable.strings */,
			);
			path = Resources;
			sourceTree = "<group>";
		};
		CC759148293BD95A007DE225 /* Frameworks */ = {
			isa = PBXGroup;
			children = (
				CC759149293BD95A007DE225 /* SpringBoardFoundation.tbd */,
			);
			name = Frameworks;
			sourceTree = "<group>";
		};
/* End PBXGroup section */

/* Begin PBXNativeTarget section */
		6D8817C1291ECB97007139C6 /* TrollApps */ = {
			isa = PBXNativeTarget;
			buildConfigurationList = 6D8817D0291ECB9B007139C6 /* Build configuration list for PBXNativeTarget "TrollApps" */;
			buildPhases = (
				6D8817BE291ECB97007139C6 /* Sources */,
				6D8817BF291ECB97007139C6 /* Frameworks */,
				6D8817C0291ECB97007139C6 /* Resources */,
				74B9383A2B3A3C7800153959 /* Embed Frameworks */,
			);
			buildRules = (
			);
			dependencies = (
			);
			name = TrollApps;
			packageProductDependencies = (
				743F27762B38C80B006B77BB /* SwipeActions */,
				743F27792B38C812006B77BB /* BottomSheet */,
				74B938222B3A0B7600153959 /* Kingfisher */,
				74B938332B3A3C6200153959 /* SwiftUIIntrospect */,
				74B9384B2B3ABCA200153959 /* ZIPFoundation */,
			);
			productName = TrollApps;
			productReference = 6D8817C2291ECB97007139C6 /* TrollApps.app */;
			productType = "com.apple.product-type.application";
		};
/* End PBXNativeTarget section */

/* Begin PBXProject section */
		6D8817BA291ECB97007139C6 /* Project object */ = {
			isa = PBXProject;
			attributes = {
				BuildIndependentTargetsInParallel = 1;
				LastSwiftUpdateCheck = 1410;
				LastUpgradeCheck = 1510;
				TargetAttributes = {
					6D8817C1291ECB97007139C6 = {
						CreatedOnToolsVersion = 14.1;
						LastSwiftMigration = 1410;
					};
				};
			};
			buildConfigurationList = 6D8817BD291ECB97007139C6 /* Build configuration list for PBXProject "TrollApps" */;
			compatibilityVersion = "Xcode 14.0";
			developmentRegion = en;
			hasScannedForEncodings = 0;
			knownRegions = (
				en,
				es,
				"zh-Hans",
				de,
				id,
				ar,
				"zh-Hant",
				nb,
			);
			mainGroup = 6D8817B9291ECB97007139C6;
			packageReferences = (
				743F27752B38C80A006B77BB /* XCRemoteSwiftPackageReference "SwipeActions" */,
				743F27782B38C812006B77BB /* XCRemoteSwiftPackageReference "BottomSheet" */,
				74B938212B3A0B7600153959 /* XCRemoteSwiftPackageReference "Kingfisher" */,
				74B938322B3A3C6200153959 /* XCRemoteSwiftPackageReference "swiftui-introspect" */,
				74B9384A2B3ABCA200153959 /* XCRemoteSwiftPackageReference "ZIPFoundation" */,
			);
			productRefGroup = 6D8817C3291ECB97007139C6 /* Products */;
			projectDirPath = "";
			projectRoot = "";
			targets = (
				6D8817C1291ECB97007139C6 /* TrollApps */,
			);
		};
/* End PBXProject section */

/* Begin PBXResourcesBuildPhase section */
		6D8817C0291ECB97007139C6 /* Resources */ = {
			isa = PBXResourcesBuildPhase;
			buildActionMask = 2147483647;
			files = (
				6D8817CD291ECB9B007139C6 /* Preview Assets.xcassets in Resources */,
				74E2E2B22B27C086009E1D73 /* Localizable.strings in Resources */,
				6D8817CA291ECB9B007139C6 /* Assets.xcassets in Resources */,
			);
			runOnlyForDeploymentPostprocessing = 0;
		};
/* End PBXResourcesBuildPhase section */

/* Begin PBXSourcesBuildPhase section */
		6D8817BE291ECB97007139C6 /* Sources */ = {
			isa = PBXSourcesBuildPhase;
			buildActionMask = 2147483647;
			files = (
				742E29B42B2C4A8300B2690D /* SettingsView.swift in Sources */,
				743F276C2B33962F006B77BB /* UninstallManager.swift in Sources */,
				742E29C32B2E55DB00B2690D /* BadRepoCell.swift in Sources */,
				740916B52B293A570004A33A /* AlertManager.swift in Sources */,
				742E29972B2C43DC00B2690D /* NavView.swift in Sources */,
				74C348682B1953D60043AA8C /* AppDetailsView.swift in Sources */,
				742E29B02B2C4A4000B2690D /* Apps.swift in Sources */,
				74C3486A2B19AF270043AA8C /* SourceView.swift in Sources */,
				742E29C12B2E526E00B2690D /* RepoCell.swift in Sources */,
				742E29C72B2E5A3300B2690D /* InstalledAppCell.swift in Sources */,
				6D8817DA291EE5C9007139C6 /* Extensions.swift in Sources */,
				742E29BF2B2E513F00B2690D /* AppCell.swift in Sources */,
				742E29B22B2C4A5700B2690D /* Repos.swift in Sources */,
				742E29922B2C3F4A00B2690D /* NewsView.swift in Sources */,
				CC759147293BD896007DE225 /* TSUtil.m in Sources */,
				7489B46D2B1C2633007F372B /* RepoManager.swift in Sources */,
				743F27712B37AA21006B77BB /* ChangelogManager.swift in Sources */,
				742E29AA2B2C494800B2690D /* Buttons.swift in Sources */,
				6D29D3D82923C78300AF0602 /* SourcesView.swift in Sources */,
				74E2E2AE2B25627B009E1D73 /* BrowseView.swift in Sources */,
				743F27172B2E6517006B77BB /* QueueManager.swift in Sources */,
				74A5F72C2B23AF5900C2E816 /* AppsView.swift in Sources */,
				6D71F9C2292BF8220016D853 /* FeaturedView.swift in Sources */,
				742E29AC2B2C499700B2690D /* DynamicText.swift in Sources */,
				74C3486F2B1A562F0043AA8C /* DynamicButton.swift in Sources */,
				743F27682B314EAC006B77BB /* InstallManager.swift in Sources */,
				742E29C52B2E577C00B2690D /* AddSourceView.swift in Sources */,
				742E29942B2C438200B2690D /* TrollAppsApp.swift in Sources */,
				742E29A12B2C476A00B2690D /* UserManager.swift in Sources */,
				743F272B2B2F7BB9006B77BB /* DownloadManager.swift in Sources */,
			);
			runOnlyForDeploymentPostprocessing = 0;
		};
/* End PBXSourcesBuildPhase section */

/* Begin PBXVariantGroup section */
		74E2E2B42B27C086009E1D73 /* Localizable.strings */ = {
			isa = PBXVariantGroup;
			children = (
				74E2E2B32B27C086009E1D73 /* en */,
				74F1F9A45C32D0914B27E2A8 /* es */,
				74E2E2B52B27C098009E1D73 /* zh-Hans */,
				740916AD2B291BA70004A33A /* de */,
				740916BC2B297D120004A33A /* id */,
				740916BD2B2A45D10004A33A /* ar */,
				7423BCCA2B2BE7AF000048BE /* zh-Hant */,
				742E29902B2BF09700B2690D /* nb */,
			);
			name = Localizable.strings;
			sourceTree = "<group>";
		};
/* End PBXVariantGroup section */

/* Begin XCBuildConfiguration section */
		6D8817CE291ECB9B007139C6 /* Debug */ = {
			isa = XCBuildConfiguration;
			buildSettings = {
				ALWAYS_SEARCH_USER_PATHS = NO;
				CLANG_ANALYZER_LOCALIZABILITY_NONLOCALIZED = YES;
				CLANG_ANALYZER_NONNULL = YES;
				CLANG_ANALYZER_NUMBER_OBJECT_CONVERSION = YES_AGGRESSIVE;
				CLANG_CXX_LANGUAGE_STANDARD = "gnu++20";
				CLANG_ENABLE_MODULES = YES;
				CLANG_ENABLE_OBJC_ARC = YES;
				CLANG_ENABLE_OBJC_WEAK = YES;
				CLANG_WARN_BLOCK_CAPTURE_AUTORELEASING = YES;
				CLANG_WARN_BOOL_CONVERSION = YES;
				CLANG_WARN_COMMA = YES;
				CLANG_WARN_CONSTANT_CONVERSION = YES;
				CLANG_WARN_DEPRECATED_OBJC_IMPLEMENTATIONS = YES;
				CLANG_WARN_DIRECT_OBJC_ISA_USAGE = YES_ERROR;
				CLANG_WARN_DOCUMENTATION_COMMENTS = YES;
				CLANG_WARN_EMPTY_BODY = YES;
				CLANG_WARN_ENUM_CONVERSION = YES;
				CLANG_WARN_INFINITE_RECURSION = YES;
				CLANG_WARN_INT_CONVERSION = YES;
				CLANG_WARN_NON_LITERAL_NULL_CONVERSION = YES;
				CLANG_WARN_OBJC_IMPLICIT_RETAIN_SELF = YES;
				CLANG_WARN_OBJC_LITERAL_CONVERSION = YES;
				CLANG_WARN_OBJC_ROOT_CLASS = YES_ERROR;
				CLANG_WARN_QUOTED_INCLUDE_IN_FRAMEWORK_HEADER = YES;
				CLANG_WARN_RANGE_LOOP_ANALYSIS = YES;
				CLANG_WARN_STRICT_PROTOTYPES = YES;
				CLANG_WARN_SUSPICIOUS_MOVE = YES;
				CLANG_WARN_UNGUARDED_AVAILABILITY = YES_AGGRESSIVE;
				CLANG_WARN_UNREACHABLE_CODE = YES;
				CLANG_WARN__DUPLICATE_METHOD_MATCH = YES;
				COPY_PHASE_STRIP = NO;
				DEBUG_INFORMATION_FORMAT = dwarf;
				ENABLE_STRICT_OBJC_MSGSEND = YES;
				ENABLE_TESTABILITY = YES;
				ENABLE_USER_SCRIPT_SANDBOXING = YES;
				GCC_C_LANGUAGE_STANDARD = gnu11;
				GCC_DYNAMIC_NO_PIC = NO;
				GCC_NO_COMMON_BLOCKS = YES;
				GCC_OPTIMIZATION_LEVEL = 0;
				GCC_PREPROCESSOR_DEFINITIONS = (
					"DEBUG=1",
					"$(inherited)",
				);
				GCC_WARN_64_TO_32_BIT_CONVERSION = YES;
				GCC_WARN_ABOUT_RETURN_TYPE = YES_ERROR;
				GCC_WARN_UNDECLARED_SELECTOR = YES;
				GCC_WARN_UNINITIALIZED_AUTOS = YES_AGGRESSIVE;
				GCC_WARN_UNUSED_FUNCTION = YES;
				GCC_WARN_UNUSED_VARIABLE = YES;
				IPHONEOS_DEPLOYMENT_TARGET = 16.1;
				MTL_ENABLE_DEBUG_INFO = INCLUDE_SOURCE;
				MTL_FAST_MATH = YES;
				ONLY_ACTIVE_ARCH = YES;
				SDKROOT = iphoneos;
				SWIFT_ACTIVE_COMPILATION_CONDITIONS = DEBUG;
				SWIFT_EMIT_LOC_STRINGS = NO;
				SWIFT_OPTIMIZATION_LEVEL = "-Onone";
			};
			name = Debug;
		};
		6D8817CF291ECB9B007139C6 /* Release */ = {
			isa = XCBuildConfiguration;
			buildSettings = {
				ALWAYS_SEARCH_USER_PATHS = NO;
				CLANG_ANALYZER_LOCALIZABILITY_NONLOCALIZED = YES;
				CLANG_ANALYZER_NONNULL = YES;
				CLANG_ANALYZER_NUMBER_OBJECT_CONVERSION = YES_AGGRESSIVE;
				CLANG_CXX_LANGUAGE_STANDARD = "gnu++20";
				CLANG_ENABLE_MODULES = YES;
				CLANG_ENABLE_OBJC_ARC = YES;
				CLANG_ENABLE_OBJC_WEAK = YES;
				CLANG_WARN_BLOCK_CAPTURE_AUTORELEASING = YES;
				CLANG_WARN_BOOL_CONVERSION = YES;
				CLANG_WARN_COMMA = YES;
				CLANG_WARN_CONSTANT_CONVERSION = YES;
				CLANG_WARN_DEPRECATED_OBJC_IMPLEMENTATIONS = YES;
				CLANG_WARN_DIRECT_OBJC_ISA_USAGE = YES_ERROR;
				CLANG_WARN_DOCUMENTATION_COMMENTS = YES;
				CLANG_WARN_EMPTY_BODY = YES;
				CLANG_WARN_ENUM_CONVERSION = YES;
				CLANG_WARN_INFINITE_RECURSION = YES;
				CLANG_WARN_INT_CONVERSION = YES;
				CLANG_WARN_NON_LITERAL_NULL_CONVERSION = YES;
				CLANG_WARN_OBJC_IMPLICIT_RETAIN_SELF = YES;
				CLANG_WARN_OBJC_LITERAL_CONVERSION = YES;
				CLANG_WARN_OBJC_ROOT_CLASS = YES_ERROR;
				CLANG_WARN_QUOTED_INCLUDE_IN_FRAMEWORK_HEADER = YES;
				CLANG_WARN_RANGE_LOOP_ANALYSIS = YES;
				CLANG_WARN_STRICT_PROTOTYPES = YES;
				CLANG_WARN_SUSPICIOUS_MOVE = YES;
				CLANG_WARN_UNGUARDED_AVAILABILITY = YES_AGGRESSIVE;
				CLANG_WARN_UNREACHABLE_CODE = YES;
				CLANG_WARN__DUPLICATE_METHOD_MATCH = YES;
				COPY_PHASE_STRIP = NO;
				DEBUG_INFORMATION_FORMAT = "dwarf-with-dsym";
				ENABLE_NS_ASSERTIONS = NO;
				ENABLE_STRICT_OBJC_MSGSEND = YES;
				ENABLE_USER_SCRIPT_SANDBOXING = YES;
				GCC_C_LANGUAGE_STANDARD = gnu11;
				GCC_NO_COMMON_BLOCKS = YES;
				GCC_WARN_64_TO_32_BIT_CONVERSION = YES;
				GCC_WARN_ABOUT_RETURN_TYPE = YES_ERROR;
				GCC_WARN_UNDECLARED_SELECTOR = YES;
				GCC_WARN_UNINITIALIZED_AUTOS = YES_AGGRESSIVE;
				GCC_WARN_UNUSED_FUNCTION = YES;
				GCC_WARN_UNUSED_VARIABLE = YES;
				IPHONEOS_DEPLOYMENT_TARGET = 16.1;
				MTL_ENABLE_DEBUG_INFO = NO;
				MTL_FAST_MATH = YES;
				SDKROOT = iphoneos;
				SWIFT_COMPILATION_MODE = wholemodule;
				SWIFT_EMIT_LOC_STRINGS = NO;
				SWIFT_OPTIMIZATION_LEVEL = "-O";
				VALIDATE_PRODUCT = YES;
			};
			name = Release;
		};
		6D8817D1291ECB9B007139C6 /* Debug */ = {
			isa = XCBuildConfiguration;
			buildSettings = {
				ASSETCATALOG_COMPILER_APPICON_NAME = AppIcon;
				ASSETCATALOG_COMPILER_GLOBAL_ACCENT_COLOR_NAME = AccentColor;
				CLANG_ENABLE_MODULES = YES;
				CODE_SIGN_IDENTITY = "Apple Development";
				CODE_SIGN_STYLE = Automatic;
				CURRENT_PROJECT_VERSION = 1;
				DEVELOPMENT_ASSET_PATHS = "\"TrollApps/Preview Content\"";
				DEVELOPMENT_TEAM = P6SL5AV93U;
				ENABLE_PREVIEWS = YES;
				GENERATE_INFOPLIST_FILE = YES;
				INFOPLIST_FILE = TrollApps/Info.plist;
				INFOPLIST_KEY_CFBundleDisplayName = TrollApps;
				INFOPLIST_KEY_LSApplicationCategoryType = "public.app-category.utilities";
				INFOPLIST_KEY_UIApplicationSceneManifest_Generation = YES;
				INFOPLIST_KEY_UIApplicationSupportsIndirectInputEvents = YES;
				INFOPLIST_KEY_UILaunchScreen_Generation = YES;
				INFOPLIST_KEY_UIRequiresFullScreen = YES;
				INFOPLIST_KEY_UISupportedInterfaceOrientations = UIInterfaceOrientationPortrait;
				INFOPLIST_KEY_UISupportedInterfaceOrientations_iPad = "UIInterfaceOrientationLandscapeLeft UIInterfaceOrientationLandscapeRight UIInterfaceOrientationPortrait";
				IPHONEOS_DEPLOYMENT_TARGET = 14.0;
				LD_RUNPATH_SEARCH_PATHS = (
					"$(inherited)",
					"@executable_path/Frameworks",
				);
				LIBRARY_SEARCH_PATHS = (
					"$(inherited)",
					"$(PROJECT_DIR)/TrollApps",
				);
				MARKETING_VERSION = 2.3b;
				PRODUCT_BUNDLE_IDENTIFIER = org.resonance.store;
				PRODUCT_NAME = "$(TARGET_NAME)";
				PROVISIONING_PROFILE_SPECIFIER = "";
				SUPPORTED_PLATFORMS = "iphoneos iphonesimulator";
				SUPPORTS_MACCATALYST = NO;
				SUPPORTS_MAC_DESIGNED_FOR_IPHONE_IPAD = NO;
				SUPPORTS_XR_DESIGNED_FOR_IPHONE_IPAD = NO;
				SWIFT_EMIT_LOC_STRINGS = YES;
				SWIFT_OBJC_BRIDGING_HEADER = "TrollApps/Objective C/TrollApps-Bridging-Header.h";
				SWIFT_OPTIMIZATION_LEVEL = "-Onone";
				SWIFT_VERSION = 5.0;
				TARGETED_DEVICE_FAMILY = "1,2";
			};
			name = Debug;
		};
		6D8817D2291ECB9B007139C6 /* Release */ = {
			isa = XCBuildConfiguration;
			buildSettings = {
				ASSETCATALOG_COMPILER_APPICON_NAME = AppIcon;
				ASSETCATALOG_COMPILER_GLOBAL_ACCENT_COLOR_NAME = AccentColor;
				CLANG_ENABLE_MODULES = YES;
				CODE_SIGN_IDENTITY = "Apple Development";
				CODE_SIGN_STYLE = Automatic;
				CURRENT_PROJECT_VERSION = 1;
				DEVELOPMENT_ASSET_PATHS = "\"TrollApps/Preview Content\"";
				DEVELOPMENT_TEAM = P6SL5AV93U;
				ENABLE_PREVIEWS = YES;
				GENERATE_INFOPLIST_FILE = YES;
				INFOPLIST_FILE = TrollApps/Info.plist;
				INFOPLIST_KEY_CFBundleDisplayName = TrollApps;
				INFOPLIST_KEY_LSApplicationCategoryType = "public.app-category.utilities";
				INFOPLIST_KEY_UIApplicationSceneManifest_Generation = YES;
				INFOPLIST_KEY_UIApplicationSupportsIndirectInputEvents = YES;
				INFOPLIST_KEY_UILaunchScreen_Generation = YES;
				INFOPLIST_KEY_UIRequiresFullScreen = YES;
				INFOPLIST_KEY_UISupportedInterfaceOrientations = UIInterfaceOrientationPortrait;
				INFOPLIST_KEY_UISupportedInterfaceOrientations_iPad = "UIInterfaceOrientationLandscapeLeft UIInterfaceOrientationLandscapeRight UIInterfaceOrientationPortrait";
				IPHONEOS_DEPLOYMENT_TARGET = 14.0;
				LD_RUNPATH_SEARCH_PATHS = (
					"$(inherited)",
					"@executable_path/Frameworks",
				);
				LIBRARY_SEARCH_PATHS = (
					"$(inherited)",
					"$(PROJECT_DIR)/TrollApps",
				);
				MARKETING_VERSION = 2.3b;
				PRODUCT_BUNDLE_IDENTIFIER = org.resonance.store;
				PRODUCT_NAME = "$(TARGET_NAME)";
				PROVISIONING_PROFILE_SPECIFIER = "";
				SUPPORTED_PLATFORMS = "iphoneos iphonesimulator";
				SUPPORTS_MACCATALYST = NO;
				SUPPORTS_MAC_DESIGNED_FOR_IPHONE_IPAD = NO;
				SUPPORTS_XR_DESIGNED_FOR_IPHONE_IPAD = NO;
				SWIFT_EMIT_LOC_STRINGS = YES;
				SWIFT_OBJC_BRIDGING_HEADER = "TrollApps/Objective C/TrollApps-Bridging-Header.h";
				SWIFT_VERSION = 5.0;
				TARGETED_DEVICE_FAMILY = "1,2";
			};
			name = Release;
		};
/* End XCBuildConfiguration section */

/* Begin XCConfigurationList section */
		6D8817BD291ECB97007139C6 /* Build configuration list for PBXProject "TrollApps" */ = {
			isa = XCConfigurationList;
			buildConfigurations = (
				6D8817CE291ECB9B007139C6 /* Debug */,
				6D8817CF291ECB9B007139C6 /* Release */,
			);
			defaultConfigurationIsVisible = 0;
			defaultConfigurationName = Release;
		};
		6D8817D0291ECB9B007139C6 /* Build configuration list for PBXNativeTarget "TrollApps" */ = {
			isa = XCConfigurationList;
			buildConfigurations = (
				6D8817D1291ECB9B007139C6 /* Debug */,
				6D8817D2291ECB9B007139C6 /* Release */,
			);
			defaultConfigurationIsVisible = 0;
			defaultConfigurationName = Release;
		};
/* End XCConfigurationList section */

/* Begin XCRemoteSwiftPackageReference section */
		743F27752B38C80A006B77BB /* XCRemoteSwiftPackageReference "SwipeActions" */ = {
			isa = XCRemoteSwiftPackageReference;
			repositoryURL = "https://github.com/aheze/SwipeActions.git";
			requirement = {
				kind = upToNextMajorVersion;
				minimumVersion = 1.1.0;
			};
		};
		743F27782B38C812006B77BB /* XCRemoteSwiftPackageReference "BottomSheet" */ = {
			isa = XCRemoteSwiftPackageReference;
			repositoryURL = "https://github.com/lucaszischka/BottomSheet.git";
			requirement = {
				kind = upToNextMajorVersion;
				minimumVersion = 3.1.1;
			};
		};
		74B938212B3A0B7600153959 /* XCRemoteSwiftPackageReference "Kingfisher" */ = {
			isa = XCRemoteSwiftPackageReference;
			repositoryURL = "https://github.com/onevcat/Kingfisher.git";
			requirement = {
				kind = upToNextMajorVersion;
				minimumVersion = 7.10.1;
			};
		};
		74B938322B3A3C6200153959 /* XCRemoteSwiftPackageReference "swiftui-introspect" */ = {
			isa = XCRemoteSwiftPackageReference;
			repositoryURL = "https://github.com/siteline/swiftui-introspect.git";
			requirement = {
				kind = upToNextMajorVersion;
				minimumVersion = 1.1.1;
			};
		};
		74B9384A2B3ABCA200153959 /* XCRemoteSwiftPackageReference "ZIPFoundation" */ = {
			isa = XCRemoteSwiftPackageReference;
			repositoryURL = "https://github.com/weichsel/ZIPFoundation.git";
			requirement = {
				kind = upToNextMajorVersion;
				minimumVersion = 0.9.17;
			};
		};
/* End XCRemoteSwiftPackageReference section */

/* Begin XCSwiftPackageProductDependency section */
		743F27762B38C80B006B77BB /* SwipeActions */ = {
			isa = XCSwiftPackageProductDependency;
			package = 743F27752B38C80A006B77BB /* XCRemoteSwiftPackageReference "SwipeActions" */;
			productName = SwipeActions;
		};
		743F27792B38C812006B77BB /* BottomSheet */ = {
			isa = XCSwiftPackageProductDependency;
			package = 743F27782B38C812006B77BB /* XCRemoteSwiftPackageReference "BottomSheet" */;
			productName = BottomSheet;
		};
		74B938222B3A0B7600153959 /* Kingfisher */ = {
			isa = XCSwiftPackageProductDependency;
			package = 74B938212B3A0B7600153959 /* XCRemoteSwiftPackageReference "Kingfisher" */;
			productName = Kingfisher;
		};
		74B938332B3A3C6200153959 /* SwiftUIIntrospect */ = {
			isa = XCSwiftPackageProductDependency;
			package = 74B938322B3A3C6200153959 /* XCRemoteSwiftPackageReference "swiftui-introspect" */;
			productName = SwiftUIIntrospect;
		};
		74B9384B2B3ABCA200153959 /* ZIPFoundation */ = {
			isa = XCSwiftPackageProductDependency;
			package = 74B9384A2B3ABCA200153959 /* XCRemoteSwiftPackageReference "ZIPFoundation" */;
			productName = ZIPFoundation;
		};
/* End XCSwiftPackageProductDependency section */
	};
	rootObject = 6D8817BA291ECB97007139C6 /* Project object */;
}
